{
  "lockfile_version": "1",
  "packages": {
    "git@2.55.0": {
      "last_modified": "2026-09-29T03:29:29Z",
      "resolved": "github:NixOS/nixpkgs/b6c8664de9b6cc07fe5666a29f91884ba81197c4#git",
      "source": "devbox-search",
      "version": "2.55.0",
      "systems": {
        "aarch64-darwin": {
          "outputs": [
            {
              "name": "out",
              "path": "/nix/store/gw7c7m0dwca5lg4152x9lpmxpj171bzw-git-2.55.0",
              "default": true
            },
            {
              "name": "doc",
              "path": "/nix/store/0f4p7kbl8hsdvynpk8n951bcbdx7qn3j-git-2.55.0-doc"
            }
          ],
          "store_path": "/nix/store/gw7c7m0dwca5lg4152x9lpmxpj171bzw-git-2.55.0"
        },
        "aarch64-linux": {
          "outputs": [
            {
              "name": "out",
              "path": "/nix/store/kj6aff4gmz3snpp35rl3gysbl9srd81a-git-2.55.0",
              "default": true
            },
            {
              "name": "debug",
              "path": "/nix/store/8l21kawpzlskyby6dhkjmdyamp34irpv-git-2.55.0-debug"
            },
            {
              "name": "doc",
              "path": "/nix/store/gzjmfgd110655anwlnj6qlj5ws8vacn2-git-2.55.0-doc"
            }
          ],
          "store_path": "/nix/store/kj6aff4gmz3snpp35rl3gysbl9srd81a-git-2.55.0"
        },
        "x86_64-linux": {
          "outputs": [
            {
              "name": "out",
              "path": "/nix/store/lg46w7hrjx7kylsh6645c9l975i8h43b-git-2.55.0",
              "default": true
            },
            {
              "name": "debug",
              "path": "/nix/store/jfnrrjgvhv0la9dpzb1yxg8bx2gf9aii-git-2.55.0-debug"
            },
            {
              "name": "doc",
              "path": "/nix/store/5f39kd6g3irac28rgk89yqwaamaj01rx-git-2.55.0-doc"
            }
          ],
          "store_path": "/nix/store/lg46w7hrjx7kylsh6645c9l975i8h43b-git-2.55.0"
        }
      }
    },
    "github:NixOS/nixpkgs/nixpkgs-unstable": {
      "last_modified": "2026-09-29T03:29:29Z",
      "resolved": "github:NixOS/nixpkgs/b6c8664de9b6cc07fe5666a29f91884ba81197c4?lastModified=1790652569"
    },
    "goreleaser@2.17.1": {
      "last_modified": "2026-09-29T03:29:29Z",
      "resolved": "github:NixOS/nixpkgs/b6c8664de9b6cc07fe5666a29f91884ba81197c4#goreleaser",
      "source": "devbox-search",
      "version": "2.17.1",
      "systems": {
        "aarch64-darwin": {
          "outputs": [
            {
              "name": "out",
              "path": "/nix/store/xc1v4vi2k753mpyvw3x179a1902mcwwx-goreleaser-2.17.1",
              "default": true
            }
          ],
          "store_path": "/nix/store/xc1v4vi2k753mpyvw3x179a1902mcwwx-goreleaser-2.17.1"
        },
        "aarch64-linux": {
          "outputs": [
            {
              "name": "out",
              "path": "/nix/store/srsk0h3a14wkd1yfi5ajmjqxr5hfjlsm-goreleaser-2.17.1",
              "default": true
            }
          ],
          "store_path": "/nix/store/srsk0h3a14wkd1yfi5ajmjqxr5hfjlsm-goreleaser-2.17.1"
        },
        "x86_64-linux": {
          "outputs": [
            {
              "name": "out",
              "path": "/nix/store/kl03fvkql3kibd35in718pn3nf3xx0il-goreleaser-2.17.1",
              "default": true
            }
          ],
          "store_path": "/nix/store/kl03fvkql3kibd35in718pn3nf3xx0il-goreleaser-2.17.1"
        }
      }
    },
    "just-lsp@0.9.0": {
      "last_modified": "2026-09-29T03:29:29Z",
      "resolved": "github:NixOS/nixpkgs/b6c8664de9b6cc07fe5666a29f91884ba81197c4#just-lsp",
      "source": "devbox-search",
      "version": "0.9.0",
      "systems": {
        "aarch64-darwin": {
          "outputs": [
            {
              "name": "out",
              "path": "/nix/store/b3vlvwalwvwnfiaiwbxbrx89mbcmrln8-just-lsp-0.9.0",
              "default": true
            }
          ],
          "store_path": "/nix/store/b3vlvwalwvwnfiaiwbxbrx89mbcmrln8-just-lsp-0.9.0"
        },
        "aarch64-linux": {
          "outputs": [
            {
              "name": "out",
              "path": "/nix/store/0lsi1xdvbap8whmn90m3h3bjyvsvdj69-just-lsp-0.9.0",
              "default": true
            }
          ],
          "store_path": "/nix/store/0lsi1xdvbap8whmn90m3h3bjyvsvdj69-just-lsp-0.9.0"
        },
        "x86_64-linux": {
          "outputs": [
            {
              "name": "out",
              "path": "/nix/store/7d13gnr8rj72s5jndzrckjzjlc1x1qbw-just-lsp-0.9.0",
              "default": true
            }
          ],
          "store_path": "/nix/store/7d13gnr8rj72s5jndzrckjzjlc1x1qbw-just-lsp-0.9.0"
        }
      }
    },
    "just@1.58.0": {
      "last_modified": "2026-09-29T03:29:29Z",
      "resolved": "github:NixOS/nixpkgs/b6c8664de9b6cc07fe5666a29f91884ba81197c4#just",
      "source": "devbox-search",
      "version": "1.58.0",
      "systems": {
        "aarch64-darwin": {
          "outputs": [
            {
              "name": "out",
              "path": "/nix/store/7myigx4c7gvdmy66z82v4gsca1y6rcsg-just-1.58.0",
              "default": true
            },
            {
              "name": "man",
              "path": "/nix/store/ndglr8n0wkxk0qpjrfazxmz3kgpypwby-just-1.58.0-man",
              "default": true
            },
            {
              "name": "doc",
              "path": "/nix/store/z45ags4638k33f3d6lla74jfxampk9y7-just-1.58.0-doc"
            }
          ],
          "store_path": "/nix/store/7myigx4c7gvdmy66z82v4gsca1y6rcsg-just-1.58.0"
        },
        "aarch64-linux": {
          "outputs": [
            {
              "name": "out",
              "path": "/nix/store/6byz8zyiqvnj7kn3kadfdks3if6sb37k-just-1.58.0",
              "default": true
            },
            {
              "name": "man",
              "path": "/nix/store/0ih4iwq1rslhr6igk1m5h7rj9bpn7qh8-just-1.58.0-man",
              "default": true
            },
            {
              "name": "doc",
              "path": "/nix/store/w5xq1nrfdsyazp0zdjs8ks581ryqlw4v-just-1.58.0-doc"
            }
          ],
          "store_path": "/nix/store/6byz8zyiqvnj7kn3kadfdks3if6sb37k-just-1.58.0"
        },
        "x86_64-linux": {
          "outputs": [
            {
              "name": "out",
              "path": "/nix/store/qgliqnslmd0pgxar92s306ipxz5vdxx2-just-1.58.0",
              "default": true
            },
            {
              "name": "man",
              "path": "/nix/store/z0dsrhyy9d04c6sr75s9sjn2hnjaxhl3-just-1.58.0-man",
              "default": true
            },
            {
              "name": "doc",
              "path": "/nix/store/dpy7p6cx6mq4xn0hh16507gd9fz7nl32-just-1.58.0-doc"
            }
          ],
          "store_path": "/nix/store/qgliqnslmd0pgxar92s306ipxz5vdxx2-just-1.58.0"
        }
      }
    },
    "kubernetes-helm@4.3.0": {
      "last_modified": "2026-09-29T03:29:29Z",
      "resolved": "github:NixOS/nixpkgs/b6c8664de9b6cc07fe5666a29f91884ba81197c4#kubernetes-helm",
      "source": "devbox-search",
      "version": "4.3.0",
      "systems": {
        "aarch64-darwin": {
          "outputs": [
            {
              "name": "out",
              "path": "/nix/store/qhd7kv6grl3cz4p6hq5s5j4b90zlm0rg-kubernetes-helm-4.3.0",
              "default": true
            }
          ],
          "store_path": "/nix/store/qhd7kv6grl3cz4p6hq5s5j4b90zlm0rg-kubernetes-helm-4.3.0"
        },
        "aarch64-linux": {
          "outputs": [
            {
              "name": "out",
              "path": "/nix/store/3dq2j1jklnp519lp1sdiknhljlz91bzr-kubernetes-helm-4.3.0",
              "default": true
            }
          ],
          "store_path": "/nix/store/3dq2j1jklnp519lp1sdiknhljlz91bzr-kubernetes-helm-4.3.0"
        },
        "x86_64-linux": {
          "outputs": [
            {
              "name": "out",
              "path": "/nix/store/i46k66p14ci9yvr402cki6g6hqhb8raw-kubernetes-helm-4.3.0",
              "default": true
            }
          ],
          "store_path": "/nix/store/i46k66p14ci9yvr402cki6g6hqhb8raw-kubernetes-helm-4.3.0"
        }
      }
    },
    "lua5_1@5.1.5": {
      "last_modified": "2026-09-29T03:29:29Z",
      "resolved": "github:NixOS/nixpkgs/b6c8664de9b6cc07fe5666a29f91884ba81197c4#lua5_1",
      "source": "devbox-search",
      "version": "5.1.5",
      "systems": {
        "aarch64-darwin": {
          "outputs": [
            {
              "name": "out",
              "path": "/nix/store/3nkd61v377sca3dvbmaj1znr65mg6wcd-lua-5.1.5",
              "default": true
            },
            {
              "name": "doc",
              "path": "/nix/store/c7x4hn5diifavzsa4782i55l1gaawfpw-lua-5.1.5-doc"
            }
          ],
          "store_path": "/nix/store/3nkd61v377sca3dvbmaj1znr65mg6wcd-lua-5.1.5"
        },
        "aarch64-linux": {
          "outputs": [
            {
              "name": "out",
              "path": "/nix/store/ml39fswq7jnanpr8x3mnn93k5ci6rbxy-lua-5.1.5",
              "default": true
            },
            {
              "name": "doc",
              "path": "/nix/store/knz6sik6ncp95ags9cbc8qx8qbpbz00s-lua-5.1.5-doc"
            }
          ],
          "store_path": "/nix/store/ml39fswq7jnanpr8x3mnn93k5ci6rbxy-lua-5.1.5"
        },
        "x86_64-linux": {
          "outputs": [
            {
              "name": "out",
              "path": "/nix/store/dp4scdb7makddjwrdhzmsc9x9a7chq40-lua-5.1.5",
              "default": true
            },
            {
              "name": "doc",
              "path": "/nix/store/hhpljlff5xvd9s6hsf0drzxnnlqsx50s-lua-5.1.5-doc"
            }
          ],
          "store_path": "/nix/store/dp4scdb7makddjwrdhzmsc9x9a7chq40-lua-5.1.5"
        }
      }
    },
    "yq-go@4.53.3": {
      "last_modified": "2026-09-29T03:29:29Z",
      "resolved": "github:NixOS/nixpkgs/b6c8664de9b6cc07fe5666a29f91884ba81197c4#yq-go",
      "source": "devbox-search",
      "version": "4.53.3",
      "systems": {
        "aarch64-darwin": {
          "outputs": [
            {
              "name": "out",
              "path": "/nix/store/wf3i9shd36xf55dnxj3znbkdxy2bvbjb-yq-go-4.53.3",
              "default": true
            }
          ],
          "store_path": "/nix/store/wf3i9shd36xf55dnxj3znbkdxy2bvbjb-yq-go-4.53.3"
        },
        "aarch64-linux": {
          "outputs": [
            {
              "name": "out",
              "path": "/nix/store/zmydgmn2gmj49jb9amac2l5gcixxmfah-yq-go-4.53.3",
              "default": true
            }
          ],
          "store_path": "/nix/store/zmydgmn2gmj49jb9amac2l5gcixxmfah-yq-go-4.53.3"
        },
        "x86_64-darwin": {
          "outputs": [
            {
              "name": "out",
              "path": "/nix/store/agf9fyr053m3092vsmh6vih3apz0kw05-yq-go-4.53.3",
              "default": true
            }
          ],
          "store_path": "/nix/store/agf9fyr053m3092vsmh6vih3apz0kw05-yq-go-4.53.3"
        },
        "x86_64-linux": {
          "outputs": [
            {
              "name": "out",
              "path": "/nix/store/1amm7nq53sw7cnd8kvx4nlp1pm9041dn-yq-go-4.53.3",
              "default": true
            }
          ],
          "store_path": "/nix/store/1amm7nq53sw7cnd8kvx4nlp1pm9041dn-yq-go-4.53.3"
        }
      }
    }
  }
}
